// !$*UTF8*$!
{
	archiveVersion = 1;
	classes = {
	};
	objectVersion = 46;
	objects = {

/* Begin PBXBuildFile section */
		A02C8E081A2113D200023FCF /* BooksViewController.swift in Sources */ = {isa = PBXBuildFile; fileRef = A02C8E071A2113D200023FCF /* BooksViewController.swift */; };
		A02C8E0A1A21179500023FCF /* MapKit.framework in Frameworks */ = {isa = PBXBuildFile; fileRef = A02C8E091A21179500023FCF /* MapKit.framework */; };
		A02C8E0C1A2123E300023FCF /* ScriptureViewController.swift in Sources */ = {isa = PBXBuildFile; fileRef = A02C8E0B1A2123E300023FCF /* ScriptureViewController.swift */; };
		A061C22A1A2492E6005024FA /* ChapterViewController.swift in Sources */ = {isa = PBXBuildFile; fileRef = A061C2291A2492E6005024FA /* ChapterViewController.swift */; };
		A0B1C05E1A3A14D000DF3322 /* SQLite.framework in Frameworks */ = {isa = PBXBuildFile; fileRef = A0B1C0551A3A134B00DF3322 /* SQLite.framework */; };
		A0B1C05F1A3A14ED00DF3322 /* SQLite.framework in CopyFiles */ = {isa = PBXBuildFile; fileRef = A0B1C0551A3A134B00DF3322 /* SQLite.framework */; settings = {ATTRIBUTES = (CodeSignOnCopy, RemoveHeadersOnCopy, ); }; };
		A0B1C0611A3A89D000DF3322 /* FormTableViewController.swift in Sources */ = {isa = PBXBuildFile; fileRef = A0B1C0601A3A89D000DF3322 /* FormTableViewController.swift */; };
		A0D5A6AE1A20FA4A00DB2C6C /* AppDelegate.swift in Sources */ = {isa = PBXBuildFile; fileRef = A0D5A6AD1A20FA4A00DB2C6C /* AppDelegate.swift */; };
		A0D5A6B01A20FA4A00DB2C6C /* VolumesViewController.swift in Sources */ = {isa = PBXBuildFile; fileRef = A0D5A6AF1A20FA4A00DB2C6C /* VolumesViewController.swift */; };
		A0D5A6B21A20FA4A00DB2C6C /* MapViewController.swift in Sources */ = {isa = PBXBuildFile; fileRef = A0D5A6B11A20FA4A00DB2C6C /* MapViewController.swift */; };
		A0D5A6B51A20FA4A00DB2C6C /* Main.storyboard in Resources */ = {isa = PBXBuildFile; fileRef = A0D5A6B31A20FA4A00DB2C6C /* Main.storyboard */; };
		A0D5A6B71A20FA4A00DB2C6C /* Images.xcassets in Resources */ = {isa = PBXBuildFile; fileRef = A0D5A6B61A20FA4A00DB2C6C /* Images.xcassets */; };
		A0D5A6BA1A20FA4A00DB2C6C /* LaunchScreen.xib in Resources */ = {isa = PBXBuildFile; fileRef = A0D5A6B81A20FA4A00DB2C6C /* LaunchScreen.xib */; };
		A0D5A6C61A20FA4A00DB2C6C /* ScriptureMapsTests.swift in Sources */ = {isa = PBXBuildFile; fileRef = A0D5A6C51A20FA4A00DB2C6C /* ScriptureMapsTests.swift */; };
		A0D5A6D91A20FCC000DB2C6C /* Book.swift in Sources */ = {isa = PBXBuildFile; fileRef = A0D5A6D31A20FCC000DB2C6C /* Book.swift */; };
		A0D5A6DA1A20FCC000DB2C6C /* geo.21.sqlite in Resources */ = {isa = PBXBuildFile; fileRef = A0D5A6D41A20FCC000DB2C6C /* geo.21.sqlite */; };
		A0D5A6DB1A20FCC000DB2C6C /* GeoDatabase.swift in Sources */ = {isa = PBXBuildFile; fileRef = A0D5A6D51A20FCC000DB2C6C /* GeoDatabase.swift */; };
		A0D5A6DC1A20FCC000DB2C6C /* GeoPlace.swift in Sources */ = {isa = PBXBuildFile; fileRef = A0D5A6D61A20FCC000DB2C6C /* GeoPlace.swift */; };
		A0D5A6DD1A20FCC000DB2C6C /* scripture.css in Resources */ = {isa = PBXBuildFile; fileRef = A0D5A6D71A20FCC000DB2C6C /* scripture.css */; };
		A0D5A6DE1A20FCC000DB2C6C /* ScriptureRenderer.swift in Sources */ = {isa = PBXBuildFile; fileRef = A0D5A6D81A20FCC000DB2C6C /* ScriptureRenderer.swift */; };
		A0F4B98B1A2F654600889049 /* ScriptureWebView.swift in Sources */ = {isa = PBXBuildFile; fileRef = A0F4B98A1A2F654600889049 /* ScriptureWebView.swift */; };
/* End PBXBuildFile section */

/* Begin PBXContainerItemProxy section */
		A0B1C0541A3A134B00DF3322 /* PBXContainerItemProxy */ = {
			isa = PBXContainerItemProxy;
			containerPortal = A0B1C04D1A3A134B00DF3322 /* SQLite.xcodeproj */;
			proxyType = 2;
			remoteGlobalIDString = DC3773F319C8CBB3004FCF85;
			remoteInfo = "SQLite iOS";
		};
		A0B1C0561A3A134B00DF3322 /* PBXContainerItemProxy */ = {
			isa = PBXContainerItemProxy;
			containerPortal = A0B1C04D1A3A134B00DF3322 /* SQLite.xcodeproj */;
			proxyType = 2;
			remoteGlobalIDString = DC3773FE19C8CBB3004FCF85;
			remoteInfo = "SQLite iOS Tests";
		};
		A0B1C0581A3A134B00DF3322 /* PBXContainerItemProxy */ = {
			isa = PBXContainerItemProxy;
			containerPortal = A0B1C04D1A3A134B00DF3322 /* SQLite.xcodeproj */;
			proxyType = 2;
			remoteGlobalIDString = DC37741419C8CC2F004FCF85;
			remoteInfo = "SQLite Mac";
		};
		A0B1C05A1A3A134B00DF3322 /* PBXContainerItemProxy */ = {
			isa = PBXContainerItemProxy;
			containerPortal = A0B1C04D1A3A134B00DF3322 /* SQLite.xcodeproj */;
			proxyType = 2;
			remoteGlobalIDString = DC37741E19C8CC2F004FCF85;
			remoteInfo = "SQLite Mac Tests";
		};
		A0B1C05C1A3A144700DF3322 /* PBXContainerItemProxy */ = {
			isa = PBXContainerItemProxy;
			containerPortal = A0B1C04D1A3A134B00DF3322 /* SQLite.xcodeproj */;
			proxyType = 1;
			remoteGlobalIDString = DC3773F219C8CBB3004FCF85;
			remoteInfo = "SQLite iOS";
		};
		A0D5A6C01A20FA4A00DB2C6C /* PBXContainerItemProxy */ = {
			isa = PBXContainerItemProxy;
			containerPortal = A0D5A6A01A20FA4A00DB2C6C /* Project object */;
			proxyType = 1;
			remoteGlobalIDString = A0D5A6A71A20FA4A00DB2C6C;
			remoteInfo = ScriptureMaps;
		};
/* End PBXContainerItemProxy section */

/* Begin PBXCopyFilesBuildPhase section */
		A02C8E051A21080C00023FCF /* CopyFiles */ = {
			isa = PBXCopyFilesBuildPhase;
			buildActionMask = 2147483647;
			dstPath = "";
			dstSubfolderSpec = 10;
			files = (
				A0B1C05F1A3A14ED00DF3322 /* SQLite.framework in CopyFiles */,
			);
			runOnlyForDeploymentPostprocessing = 0;
		};
/* End PBXCopyFilesBuildPhase section */

/* Begin PBXFileReference section */
		A02C8E071A2113D200023FCF /* BooksViewController.swift */ = {isa = PBXFileReference; fileEncoding = 4; lastKnownFileType = sourcecode.swift; path = BooksViewController.swift; sourceTree = "<group>"; };
		A02C8E091A21179500023FCF /* MapKit.framework */ = {isa = PBXFileReference; lastKnownFileType = wrapper.framework; name = MapKit.framework; path = System/Library/Frameworks/MapKit.framework; sourceTree = SDKROOT; };
		A02C8E0B1A2123E300023FCF /* ScriptureViewController.swift */ = {isa = PBXFileReference; fileEncoding = 4; lastKnownFileType = sourcecode.swift; path = ScriptureViewController.swift; sourceTree = "<group>"; };
		A061C2291A2492E6005024FA /* ChapterViewController.swift */ = {isa = PBXFileReference; fileEncoding = 4; lastKnownFileType = sourcecode.swift; path = ChapterViewController.swift; sourceTree = "<group>"; };
		A0B1C04D1A3A134B00DF3322 /* SQLite.xcodeproj */ = {isa = PBXFileReference; lastKnownFileType = "wrapper.pb-project"; name = SQLite.xcodeproj; path = "../SQLite.swift-master/SQLite.xcodeproj"; sourceTree = "<group>"; };
		A0B1C0601A3A89D000DF3322 /* FormTableViewController.swift */ = {isa = PBXFileReference; fileEncoding = 4; lastKnownFileType = sourcecode.swift; path = FormTableViewController.swift; sourceTree = "<group>"; };
		A0D5A6A81A20FA4A00DB2C6C /* ScriptureMaps.app */ = {isa = PBXFileReference; explicitFileType = wrapper.application; includeInIndex = 0; path = ScriptureMaps.app; sourceTree = BUILT_PRODUCTS_DIR; };
		A0D5A6AC1A20FA4A00DB2C6C /* Info.plist */ = {isa = PBXFileReference; lastKnownFileType = text.plist.xml; path = Info.plist; sourceTree = "<group>"; };
		A0D5A6AD1A20FA4A00DB2C6C /* AppDelegate.swift */ = {isa = PBXFileReference; lastKnownFileType = sourcecode.swift; path = AppDelegate.swift; sourceTree = "<group>"; };
		A0D5A6AF1A20FA4A00DB2C6C /* VolumesViewController.swift */ = {isa = PBXFileReference; lastKnownFileType = sourcecode.swift; path = VolumesViewController.swift; sourceTree = "<group>"; };
		A0D5A6B11A20FA4A00DB2C6C /* MapViewController.swift */ = {isa = PBXFileReference; lastKnownFileType = sourcecode.swift; path = MapViewController.swift; sourceTree = "<group>"; };
		A0D5A6B41A20FA4A00DB2C6C /* Base */ = {isa = PBXFileReference; lastKnownFileType = file.storyboard; name = Base; path = Base.lproj/Main.storyboard; sourceTree = "<group>"; };
		A0D5A6B61A20FA4A00DB2C6C /* Images.xcassets */ = {isa = PBXFileReference; lastKnownFileType = folder.assetcatalog; path = Images.xcassets; sourceTree = "<group>"; };
		A0D5A6B91A20FA4A00DB2C6C /* Base */ = {isa = PBXFileReference; lastKnownFileType = file.xib; name = Base; path = Base.lproj/LaunchScreen.xib; sourceTree = "<group>"; };
		A0D5A6BF1A20FA4A00DB2C6C /* ScriptureMapsTests.xctest */ = {isa = PBXFileReference; explicitFileType = wrapper.cfbundle; includeInIndex = 0; path = ScriptureMapsTests.xctest; sourceTree = BUILT_PRODUCTS_DIR; };
		A0D5A6C41A20FA4A00DB2C6C /* Info.plist */ = {isa = PBXFileReference; lastKnownFileType = text.plist.xml; path = Info.plist; sourceTree = "<group>"; };
		A0D5A6C51A20FA4A00DB2C6C /* ScriptureMapsTests.swift */ = {isa = PBXFileReference; lastKnownFileType = sourcecode.swift; path = ScriptureMapsTests.swift; sourceTree = "<group>"; };
		A0D5A6D31A20FCC000DB2C6C /* Book.swift */ = {isa = PBXFileReference; fileEncoding = 4; lastKnownFileType = sourcecode.swift; path = Book.swift; sourceTree = "<group>"; };
		A0D5A6D41A20FCC000DB2C6C /* geo.21.sqlite */ = {isa = PBXFileReference; lastKnownFileType = file; path = geo.21.sqlite; sourceTree = "<group>"; };
		A0D5A6D51A20FCC000DB2C6C /* GeoDatabase.swift */ = {isa = PBXFileReference; fileEncoding = 4; lastKnownFileType = sourcecode.swift; path = GeoDatabase.swift; sourceTree = "<group>"; };
		A0D5A6D61A20FCC000DB2C6C /* GeoPlace.swift */ = {isa = PBXFileReference; fileEncoding = 4; lastKnownFileType = sourcecode.swift; path = GeoPlace.swift; sourceTree = "<group>"; };
		A0D5A6D71A20FCC000DB2C6C /* scripture.css */ = {isa = PBXFileReference; fileEncoding = 4; lastKnownFileType = text.css; path = scripture.css; sourceTree = "<group>"; };
		A0D5A6D81A20FCC000DB2C6C /* ScriptureRenderer.swift */ = {isa = PBXFileReference; fileEncoding = 4; lastKnownFileType = sourcecode.swift; path = ScriptureRenderer.swift; sourceTree = "<group>"; };
		A0F4B98A1A2F654600889049 /* ScriptureWebView.swift */ = {isa = PBXFileReference; fileEncoding = 4; lastKnownFileType = sourcecode.swift; path = ScriptureWebView.swift; sourceTree = "<group>"; };
/* End PBXFileReference section */

/* Begin PBXFrameworksBuildPhase section */
		A0D5A6A51A20FA4A00DB2C6C /* Frameworks */ = {
			isa = PBXFrameworksBuildPhase;
			buildActionMask = 2147483647;
			files = (
				A0B1C05E1A3A14D000DF3322 /* SQLite.framework in Frameworks */,
				A02C8E0A1A21179500023FCF /* MapKit.framework in Frameworks */,
			);
			runOnlyForDeploymentPostprocessing = 0;
		};
		A0D5A6BC1A20FA4A00DB2C6C /* Frameworks */ = {
			isa = PBXFrameworksBuildPhase;
			buildActionMask = 2147483647;
			files = (
			);
			runOnlyForDeploymentPostprocessing = 0;
		};
/* End PBXFrameworksBuildPhase section */

/* Begin PBXGroup section */
		A0B1C04E1A3A134B00DF3322 /* Products */ = {
			isa = PBXGroup;
			children = (
				A0B1C0551A3A134B00DF3322 /* SQLite.framework */,
				A0B1C0571A3A134B00DF3322 /* SQLite iOS Tests.xctest */,
				A0B1C0591A3A134B00DF3322 /* SQLite.framework */,
				A0B1C05B1A3A134B00DF3322 /* SQLite Mac Tests.xctest */,
			);
			name = Products;
			sourceTree = "<group>";
		};
		A0D5A69F1A20FA4A00DB2C6C = {
			isa = PBXGroup;
			children = (
				A02C8E091A21179500023FCF /* MapKit.framework */,
				A0D5A6AA1A20FA4A00DB2C6C /* ScriptureMaps */,
				A0D5A6C21A20FA4A00DB2C6C /* ScriptureMapsTests */,
				A0D5A6A91A20FA4A00DB2C6C /* Products */,
				A0B1C04D1A3A134B00DF3322 /* SQLite.xcodeproj */,
			);
			sourceTree = "<group>";
		};
		A0D5A6A91A20FA4A00DB2C6C /* Products */ = {
			isa = PBXGroup;
			children = (
				A0D5A6A81A20FA4A00DB2C6C /* ScriptureMaps.app */,
				A0D5A6BF1A20FA4A00DB2C6C /* ScriptureMapsTests.xctest */,
			);
			name = Products;
			sourceTree = "<group>";
		};
		A0D5A6AA1A20FA4A00DB2C6C /* ScriptureMaps */ = {
			isa = PBXGroup;
			children = (
				A0D5A6D21A20FA9E00DB2C6C /* Controllers */,
				A0D5A6D11A20FA9900DB2C6C /* Models */,
				A0D5A6D01A20FA9200DB2C6C /* Views */,
				A0D5A6CF1A20FA8C00DB2C6C /* Assets */,
				A0D5A6B61A20FA4A00DB2C6C /* Images.xcassets */,
				A0D5A6AB1A20FA4A00DB2C6C /* Supporting Files */,
			);
			path = ScriptureMaps;
			sourceTree = "<group>";
		};
		A0D5A6AB1A20FA4A00DB2C6C /* Supporting Files */ = {
			isa = PBXGroup;
			children = (
				A0D5A6AC1A20FA4A00DB2C6C /* Info.plist */,
			);
			name = "Supporting Files";
			sourceTree = "<group>";
		};
		A0D5A6C21A20FA4A00DB2C6C /* ScriptureMapsTests */ = {
			isa = PBXGroup;
			children = (
				A0D5A6C51A20FA4A00DB2C6C /* ScriptureMapsTests.swift */,
				A0D5A6C31A20FA4A00DB2C6C /* Supporting Files */,
			);
			path = ScriptureMapsTests;
			sourceTree = "<group>";
		};
		A0D5A6C31A20FA4A00DB2C6C /* Supporting Files */ = {
			isa = PBXGroup;
			children = (
				A0D5A6C41A20FA4A00DB2C6C /* Info.plist */,
			);
			name = "Supporting Files";
			sourceTree = "<group>";
		};
		A0D5A6CF1A20FA8C00DB2C6C /* Assets */ = {
			isa = PBXGroup;
			children = (
				A0D5A6D41A20FCC000DB2C6C /* geo.21.sqlite */,
				A0D5A6D71A20FCC000DB2C6C /* scripture.css */,
			);
			name = Assets;
			sourceTree = "<group>";
		};
		A0D5A6D01A20FA9200DB2C6C /* Views */ = {
			isa = PBXGroup;
			children = (
				A0D5A6B31A20FA4A00DB2C6C /* Main.storyboard */,
				A0D5A6B81A20FA4A00DB2C6C /* LaunchScreen.xib */,
				A0F4B98A1A2F654600889049 /* ScriptureWebView.swift */,
			);
			name = Views;
			sourceTree = "<group>";
		};
		A0D5A6D11A20FA9900DB2C6C /* Models */ = {
			isa = PBXGroup;
			children = (
				A0D5A6D31A20FCC000DB2C6C /* Book.swift */,
				A0D5A6D51A20FCC000DB2C6C /* GeoDatabase.swift */,
				A0D5A6D61A20FCC000DB2C6C /* GeoPlace.swift */,
				A0D5A6D81A20FCC000DB2C6C /* ScriptureRenderer.swift */,
			);
			name = Models;
			sourceTree = "<group>";
		};
		A0D5A6D21A20FA9E00DB2C6C /* Controllers */ = {
			isa = PBXGroup;
			children = (
				A0D5A6AD1A20FA4A00DB2C6C /* AppDelegate.swift */,
				A0D5A6AF1A20FA4A00DB2C6C /* VolumesViewController.swift */,
				A0D5A6B11A20FA4A00DB2C6C /* MapViewController.swift */,
				A02C8E071A2113D200023FCF /* BooksViewController.swift */,
				A02C8E0B1A2123E300023FCF /* ScriptureViewController.swift */,
				A061C2291A2492E6005024FA /* ChapterViewController.swift */,
				A0B1C0601A3A89D000DF3322 /* FormTableViewController.swift */,
			);
			name = Controllers;
			sourceTree = "<group>";
		};
/* End PBXGroup section */

/* Begin PBXNativeTarget section */
		A0D5A6A71A20FA4A00DB2C6C /* ScriptureMaps */ = {
			isa = PBXNativeTarget;
			buildConfigurationList = A0D5A6C91A20FA4A00DB2C6C /* Build configuration list for PBXNativeTarget "ScriptureMaps" */;
			buildPhases = (
				A0D5A6A41A20FA4A00DB2C6C /* Sources */,
				A0D5A6A51A20FA4A00DB2C6C /* Frameworks */,
				A0D5A6A61A20FA4A00DB2C6C /* Resources */,
				A02C8E051A21080C00023FCF /* CopyFiles */,
			);
			buildRules = (
			);
			dependencies = (
				A0B1C05D1A3A144700DF3322 /* PBXTargetDependency */,
			);
			name = ScriptureMaps;
			productName = ScriptureMaps;
			productReference = A0D5A6A81A20FA4A00DB2C6C /* ScriptureMaps.app */;
			productType = "com.apple.product-type.application";
		};
		A0D5A6BE1A20FA4A00DB2C6C /* ScriptureMapsTests */ = {
			isa = PBXNativeTarget;
			buildConfigurationList = A0D5A6CC1A20FA4A00DB2C6C /* Build configuration list for PBXNativeTarget "ScriptureMapsTests" */;
			buildPhases = (
				A0D5A6BB1A20FA4A00DB2C6C /* Sources */,
				A0D5A6BC1A20FA4A00DB2C6C /* Frameworks */,
				A0D5A6BD1A20FA4A00DB2C6C /* Resources */,
			);
			buildRules = (
			);
			dependencies = (
				A0D5A6C11A20FA4A00DB2C6C /* PBXTargetDependency */,
			);
			name = ScriptureMapsTests;
			productName = ScriptureMapsTests;
			productReference = A0D5A6BF1A20FA4A00DB2C6C /* ScriptureMapsTests.xctest */;
			productType = "com.apple.product-type.bundle.unit-test";
		};
/* End PBXNativeTarget section */

/* Begin PBXProject section */
		A0D5A6A01A20FA4A00DB2C6C /* Project object */ = {
			isa = PBXProject;
			attributes = {
				LastUpgradeCheck = 0610;
				ORGANIZATIONNAME = "Anthony Frehner";
				TargetAttributes = {
					A0D5A6A71A20FA4A00DB2C6C = {
						CreatedOnToolsVersion = 6.1;
					};
					A0D5A6BE1A20FA4A00DB2C6C = {
						CreatedOnToolsVersion = 6.1;
						TestTargetID = A0D5A6A71A20FA4A00DB2C6C;
					};
				};
			};
			buildConfigurationList = A0D5A6A31A20FA4A00DB2C6C /* Build configuration list for PBXProject "ScriptureMaps" */;
			compatibilityVersion = "Xcode 3.2";
			developmentRegion = English;
			hasScannedForEncodings = 0;
			knownRegions = (
				en,
				Base,
			);
			mainGroup = A0D5A69F1A20FA4A00DB2C6C;
			productRefGroup = A0D5A6A91A20FA4A00DB2C6C /* Products */;
			projectDirPath = "";
			projectReferences = (
				{
					ProductGroup = A0B1C04E1A3A134B00DF3322 /* Products */;
					ProjectRef = A0B1C04D1A3A134B00DF3322 /* SQLite.xcodeproj */;
				},
			);
			projectRoot = "";
			targets = (
				A0D5A6A71A20FA4A00DB2C6C /* ScriptureMaps */,
				A0D5A6BE1A20FA4A00DB2C6C /* ScriptureMapsTests */,
			);
		};
/* End PBXProject section */

/* Begin PBXReferenceProxy section */
		A0B1C0551A3A134B00DF3322 /* SQLite.framework */ = {
			isa = PBXReferenceProxy;
			fileType = wrapper.framework;
			path = SQLite.framework;
			remoteRef = A0B1C0541A3A134B00DF3322 /* PBXContainerItemProxy */;
			sourceTree = BUILT_PRODUCTS_DIR;
		};
		A0B1C0571A3A134B00DF3322 /* SQLite iOS Tests.xctest */ = {
			isa = PBXReferenceProxy;
			fileType = wrapper.cfbundle;
			path = "SQLite iOS Tests.xctest";
			remoteRef = A0B1C0561A3A134B00DF3322 /* PBXContainerItemProxy */;
			sourceTree = BUILT_PRODUCTS_DIR;
		};
		A0B1C0591A3A134B00DF3322 /* SQLite.framework */ = {
			isa = PBXReferenceProxy;
			fileType = wrapper.framework;
			path = SQLite.framework;
			remoteRef = A0B1C0581A3A134B00DF3322 /* PBXContainerItemProxy */;
			sourceTree = BUILT_PRODUCTS_DIR;
		};
		A0B1C05B1A3A134B00DF3322 /* SQLite Mac Tests.xctest */ = {
			isa = PBXReferenceProxy;
			fileType = wrapper.cfbundle;
			path = "SQLite Mac Tests.xctest";
			remoteRef = A0B1C05A1A3A134B00DF3322 /* PBXContainerItemProxy */;
			sourceTree = BUILT_PRODUCTS_DIR;
		};
/* End PBXReferenceProxy section */

/* Begin PBXResourcesBuildPhase section */
		A0D5A6A61A20FA4A00DB2C6C /* Resources */ = {
			isa = PBXResourcesBuildPhase;
			buildActionMask = 2147483647;
			files = (
				A0D5A6B51A20FA4A00DB2C6C /* Main.storyboard in Resources */,
				A0D5A6DA1A20FCC000DB2C6C /* geo.21.sqlite in Resources */,
				A0D5A6BA1A20FA4A00DB2C6C /* LaunchScreen.xib in Resources */,
				A0D5A6B71A20FA4A00DB2C6C /* Images.xcassets in Resources */,
				A0D5A6DD1A20FCC000DB2C6C /* scripture.css in Resources */,
			);
			runOnlyForDeploymentPostprocessing = 0;
		};
		A0D5A6BD1A20FA4A00DB2C6C /* Resources */ = {
			isa = PBXResourcesBuildPhase;
			buildActionMask = 2147483647;
			files = (
			);
			runOnlyForDeploymentPostprocessing = 0;
		};
/* End PBXResourcesBuildPhase section */

/* Begin PBXSourcesBuildPhase section */
		A0D5A6A41A20FA4A00DB2C6C /* Sources */ = {
			isa = PBXSourcesBuildPhase;
			buildActionMask = 2147483647;
			files = (
				A061C22A1A2492E6005024FA /* ChapterViewController.swift in Sources */,
				A0D5A6D91A20FCC000DB2C6C /* Book.swift in Sources */,
				A02C8E081A2113D200023FCF /* BooksViewController.swift in Sources */,
				A0D5A6DB1A20FCC000DB2C6C /* GeoDatabase.swift in Sources */,
				A0D5A6B21A20FA4A00DB2C6C /* MapViewController.swift in Sources */,
				A0D5A6DE1A20FCC000DB2C6C /* ScriptureRenderer.swift in Sources */,
				A0D5A6DC1A20FCC000DB2C6C /* GeoPlace.swift in Sources */,
				A0B1C0611A3A89D000DF3322 /* FormTableViewController.swift in Sources */,
				A0F4B98B1A2F654600889049 /* ScriptureWebView.swift in Sources */,
				A0D5A6B01A20FA4A00DB2C6C /* VolumesViewController.swift in Sources */,
				A0D5A6AE1A20FA4A00DB2C6C /* AppDelegate.swift in Sources */,
				A02C8E0C1A2123E300023FCF /* ScriptureViewController.swift in Sources */,
			);
			runOnlyForDeploymentPostprocessing = 0;
		};
		A0D5A6BB1A20FA4A00DB2C6C /* Sources */ = {
			isa = PBXSourcesBuildPhase;
			buildActionMask = 2147483647;
			files = (
				A0D5A6C61A20FA4A00DB2C6C /* ScriptureMapsTests.swift in Sources */,
			);
			runOnlyForDeploymentPostprocessing = 0;
		};
/* End PBXSourcesBuildPhase section */

/* Begin PBXTargetDependency section */
		A0B1C05D1A3A144700DF3322 /* PBXTargetDependency */ = {
			isa = PBXTargetDependency;
			name = "SQLite iOS";
			targetProxy = A0B1C05C1A3A144700DF3322 /* PBXContainerItemProxy */;
		};
		A0D5A6C11A20FA4A00DB2C6C /* PBXTargetDependency */ = {
			isa = PBXTargetDependency;
			target = A0D5A6A71A20FA4A00DB2C6C /* ScriptureMaps */;
			targetProxy = A0D5A6C01A20FA4A00DB2C6C /* PBXContainerItemProxy */;
		};
/* End PBXTargetDependency section */

/* Begin PBXVariantGroup section */
		A0D5A6B31A20FA4A00DB2C6C /* Main.storyboard */ = {
			isa = PBXVariantGroup;
			children = (
				A0D5A6B41A20FA4A00DB2C6C /* Base */,
			);
			name = Main.storyboard;
			sourceTree = "<group>";
		};
		A0D5A6B81A20FA4A00DB2C6C /* LaunchScreen.xib */ = {
			isa = PBXVariantGroup;
			children = (
				A0D5A6B91A20FA4A00DB2C6C /* Base */,
			);
			name = LaunchScreen.xib;
			sourceTree = "<group>";
		};
/* End PBXVariantGroup section */

/* Begin XCBuildConfiguration section */
		A0D5A6C71A20FA4A00DB2C6C /* Debug */ = {
			isa = XCBuildConfiguration;
			buildSettings = {
				ALWAYS_SEARCH_USER_PATHS = NO;
				CLANG_CXX_LANGUAGE_STANDARD = "gnu++0x";
				CLANG_CXX_LIBRARY = "libc++";
				CLANG_ENABLE_MODULES = YES;
				CLANG_ENABLE_OBJC_ARC = YES;
				CLANG_WARN_BOOL_CONVERSION = YES;
				CLANG_WARN_CONSTANT_CONVERSION = YES;
				CLANG_WARN_DIRECT_OBJC_ISA_USAGE = YES_ERROR;
				CLANG_WARN_EMPTY_BODY = YES;
				CLANG_WARN_ENUM_CONVERSION = YES;
				CLANG_WARN_INT_CONVERSION = YES;
				CLANG_WARN_OBJC_ROOT_CLASS = YES_ERROR;
				CLANG_WARN_UNREACHABLE_CODE = YES;
				CLANG_WARN__DUPLICATE_METHOD_MATCH = YES;
				"CODE_SIGN_IDENTITY[sdk=iphoneos*]" = "iPhone Developer";
				COPY_PHASE_STRIP = NO;
				ENABLE_STRICT_OBJC_MSGSEND = YES;
				GCC_C_LANGUAGE_STANDARD = gnu99;
				GCC_DYNAMIC_NO_PIC = NO;
				GCC_OPTIMIZATION_LEVEL = 0;
				GCC_PREPROCESSOR_DEFINITIONS = (
					"DEBUG=1",
					"$(inherited)",
				);
				GCC_SYMBOLS_PRIVATE_EXTERN = NO;
				GCC_WARN_64_TO_32_BIT_CONVERSION = YES;
				GCC_WARN_ABOUT_RETURN_TYPE = YES_ERROR;
				GCC_WARN_UNDECLARED_SELECTOR = YES;
				GCC_WARN_UNINITIALIZED_AUTOS = YES_AGGRESSIVE;
				GCC_WARN_UNUSED_FUNCTION = YES;
				GCC_WARN_UNUSED_VARIABLE = YES;
				IPHONEOS_DEPLOYMENT_TARGET = 8.1;
				MTL_ENABLE_DEBUG_INFO = YES;
				ONLY_ACTIVE_ARCH = YES;
				SDKROOT = iphoneos;
				SWIFT_OPTIMIZATION_LEVEL = "-Onone";
				TARGETED_DEVICE_FAMILY = "1,2";
			};
			name = Debug;
		};
		A0D5A6C81A20FA4A00DB2C6C /* Release */ = {
			isa = XCBuildConfiguration;
			buildSettings = {
				ALWAYS_SEARCH_USER_PATHS = NO;
				CLANG_CXX_LANGUAGE_STANDARD = "gnu++0x";
				CLANG_CXX_LIBRARY = "libc++";
				CLANG_ENABLE_MODULES = YES;
				CLANG_ENABLE_OBJC_ARC = YES;
				CLANG_WARN_BOOL_CONVERSION = YES;
				CLANG_WARN_CONSTANT_CONVERSION = YES;
				CLANG_WARN_DIRECT_OBJC_ISA_USAGE = YES_ERROR;
				CLANG_WARN_EMPTY_BODY = YES;
				CLANG_WARN_ENUM_CONVERSION = YES;
				CLANG_WARN_INT_CONVERSION = YES;
				CLANG_WARN_OBJC_ROOT_CLASS = YES_ERROR;
				CLANG_WARN_UNREACHABLE_CODE = YES;
				CLANG_WARN__DUPLICATE_METHOD_MATCH = YES;
				"CODE_SIGN_IDENTITY[sdk=iphoneos*]" = "iPhone Developer";
				COPY_PHASE_STRIP = YES;
				ENABLE_NS_ASSERTIONS = NO;
				ENABLE_STRICT_OBJC_MSGSEND = YES;
				GCC_C_LANGUAGE_STANDARD = gnu99;
				GCC_WARN_64_TO_32_BIT_CONVERSION = YES;
				GCC_WARN_ABOUT_RETURN_TYPE = YES_ERROR;
				GCC_WARN_UNDECLARED_SELECTOR = YES;
				GCC_WARN_UNINITIALIZED_AUTOS = YES_AGGRESSIVE;
				GCC_WARN_UNUSED_FUNCTION = YES;
				GCC_WARN_UNUSED_VARIABLE = YES;
				IPHONEOS_DEPLOYMENT_TARGET = 8.1;
				MTL_ENABLE_DEBUG_INFO = NO;
				SDKROOT = iphoneos;
				TARGETED_DEVICE_FAMILY = "1,2";
				VALIDATE_PRODUCT = YES;
			};
			name = Release;
		};
		A0D5A6CA1A20FA4A00DB2C6C /* Debug */ = {
			isa = XCBuildConfiguration;
			buildSettings = {
				ASSETCATALOG_COMPILER_APPICON_NAME = AppIcon;
				INFOPLIST_FILE = ScriptureMaps/Info.plist;
				LD_RUNPATH_SEARCH_PATHS = "$(inherited) @executable_path/Frameworks";
				PRODUCT_NAME = "$(TARGET_NAME)";
			};
			name = Debug;
		};
		A0D5A6CB1A20FA4A00DB2C6C /* Release */ = {
			isa = XCBuildConfiguration;
			buildSettings = {
				ASSETCATALOG_COMPILER_APPICON_NAME = AppIcon;
				INFOPLIST_FILE = ScriptureMaps/Info.plist;
				LD_RUNPATH_SEARCH_PATHS = "$(inherited) @executable_path/Frameworks";
				PRODUCT_NAME = "$(TARGET_NAME)";
			};
			name = Release;
		};
		A0D5A6CD1A20FA4A00DB2C6C /* Debug */ = {
			isa = XCBuildConfiguration;
			buildSettings = {
				BUNDLE_LOADER = "$(TEST_HOST)";
				FRAMEWORK_SEARCH_PATHS = (
					"$(SDKROOT)/Developer/Library/Frameworks",
					"$(inherited)",
				);
				GCC_PREPROCESSOR_DEFINITIONS = (
					"DEBUG=1",
					"$(inherited)",
				);
				INFOPLIST_FILE = ScriptureMapsTests/Info.plist;
				LD_RUNPATH_SEARCH_PATHS = "$(inherited) @executable_path/Frameworks @loader_path/Frameworks";
				PRODUCT_NAME = "$(TARGET_NAME)";
				TEST_HOST = "$(BUILT_PRODUCTS_DIR)/ScriptureMaps.app/ScriptureMaps";
			};
			name = Debug;
		};
		A0D5A6CE1A20FA4A00DB2C6C /* Release */ = {
			isa = XCBuildConfiguration;
			buildSettings = {
				BUNDLE_LOADER = "$(TEST_HOST)";
				FRAMEWORK_SEARCH_PATHS = (
					"$(SDKROOT)/Developer/Library/Frameworks",
					"$(inherited)",
				);
				INFOPLIST_FILE = ScriptureMapsTests/Info.plist;
				LD_RUNPATH_SEARCH_PATHS = "$(inherited) @executable_path/Frameworks @loader_path/Frameworks";
				PRODUCT_NAME = "$(TARGET_NAME)";
				TEST_HOST = "$(BUILT_PRODUCTS_DIR)/ScriptureMaps.app/ScriptureMaps";
			};
			name = Release;
		};
/* End XCBuildConfiguration section */

/* Begin XCConfigurationList section */
		A0D5A6A31A20FA4A00DB2C6C /* Build configuration list for PBXProject "ScriptureMaps" */ = {
			isa = XCConfigurationList;
			buildConfigurations = (
				A0D5A6C71A20FA4A00DB2C6C /* Debug */,
				A0D5A6C81A20FA4A00DB2C6C /* Release */,
			);
			defaultConfigurationIsVisible = 0;
			defaultConfigurationName = Release;
		};
		A0D5A6C91A20FA4A00DB2C6C /* Build configuration list for PBXNativeTarget "ScriptureMaps" */ = {
			isa = XCConfigurationList;
			buildConfigurations = (
				A0D5A6CA1A20FA4A00DB2C6C /* Debug */,
				A0D5A6CB1A20FA4A00DB2C6C /* Release */,
			);
			defaultConfigurationIsVisible = 0;
			defaultConfigurationName = Release;
		};
		A0D5A6CC1A20FA4A00DB2C6C /* Build configuration list for PBXNativeTarget "ScriptureMapsTests" */ = {
			isa = XCConfigurationList;
			buildConfigurations = (
				A0D5A6CD1A20FA4A00DB2C6C /* Debug */,
				A0D5A6CE1A20FA4A00DB2C6C /* Release */,
			);
			defaultConfigurationIsVisible = 0;
			defaultConfigurationName = Release;
		};
/* End XCConfigurationList section */
	};
	rootObject = A0D5A6A01A20FA4A00DB2C6C /* Project object */;
}
